github.com/go-pa/colorlab v0.1.2 h1:Bc1QO8LgETEpSQS01Q/mgPrWf3PxjHUaYoF+fq86Wt8=
github.com/go-pa/colorlab v0.1.2/go.mod h1:aeT2ZeYjnocSnxMNS+t1hQkJA+xmBC0xHKSPo6pk3a8=
github.com/lucasb-eyer/go-colorful v1.2.0 h1:1nnpGOrhyZZuNyfu1QjKiUICQ74+3FNCN69Aj6K7nkY=
github.com/lucasb-eyer/go-colorful v1.2.0/go.mod h1:R4dSotOR9KMtayYi1e77YzuveK+i7ruzyGqttikkLy0=
